
Microsoft Visual Studio Solution File, Format Version 12.00
# Visual Studio 15
VisualStudioVersion = 15.0.28307.438
MinimumVisualStudioVersion = 10.0.40219.1
Project("{FAE04EC0-301F-11D3-BF4B-00C04F79EFBC}") = "CardProj", "CardProj\CardProj.csproj", "{8EA8A7F2-0769-4D20-AC13-E9A13197326F}"
EndProject
Global
	GlobalSection(SolutionConfigurationPlatforms) = preSolution
		Debug|Any CPU = Debug|Any CPU
		Release|Any CPU = Release|Any CPU
	EndGlobalSection
	GlobalSection(ProjectConfigurationPlatforms) = postSolution
		{8EA8A7F2-0769-4D20-AC13-E9A13197326F}.Debug|Any CPU.ActiveCfg = Debug|Any CPU
		{8EA8A7F2-0769-4D20-AC13-E9A13197326F}.Debug|Any CPU.Build.0 = Debug|Any CPU
		{8EA8A7F2-0769-4D20-AC13-E9A13197326F}.Release|Any CPU.ActiveCfg = Release|Any CPU
		{8EA8A7F2-0769-4D20-AC13-E9A13197326F}.Release|Any CPU.Build.0 = Release|Any CPU
	EndGlobalSection
	GlobalSection(SolutionProperties) = preSolution
		HideSolutionNode = FALSE
	EndGlobalSection
	GlobalSection(ExtensibilityGlobals) = postSolution
		SolutionGuid = {E5942D4F-DF83-40A7-9991-7CF73676E2A1}
	EndGlobalSection
EndGlobal
